// !$*UTF8*$!
{
	archiveVersion = 1;
	classes = {
	};
	objectVersion = 56;
	objects = {

/* Begin PBXBuildFile section */
		E4A80F802C6B835E001FBA25 /* Location.swift in Sources */ = {isa = PBXBuildFile; fileRef = E4A80F7F2C6B835E001FBA25 /* Location.swift */; };
		E4A80F832C6B863B001FBA25 /* LocationDataService.swift in Sources */ = {isa = PBXBuildFile; fileRef = E4A80F822C6B863B001FBA25 /* LocationDataService.swift */; };
		E4B06F722C6A3069009B8F48 /* TravelMapAppApp.swift in Sources */ = {isa = PBXBuildFile; fileRef = E4B06F712C6A3069009B8F48 /* TravelMapAppApp.swift */; };
		E4B06F742C6A3069009B8F48 /* ContentView.swift in Sources */ = {isa = PBXBuildFile; fileRef = E4B06F732C6A3069009B8F48 /* ContentView.swift */; };
		E4B06F762C6A306B009B8F48 /* Assets.xcassets in Resources */ = {isa = PBXBuildFile; fileRef = E4B06F752C6A306B009B8F48 /* Assets.xcassets */; };
		E4B06F792C6A306B009B8F48 /* Preview Assets.xcassets in Resources */ = {isa = PBXBuildFile; fileRef = E4B06F782C6A306B009B8F48 /* Preview Assets.xcassets */; };
		E4B06F832C6A306B009B8F48 /* TravelMapAppTests.swift in Sources */ = {isa = PBXBuildFile; fileRef = E4B06F822C6A306B009B8F48 /* TravelMapAppTests.swift */; };
		E4B06F8D2C6A306B009B8F48 /* TravelMapAppUITests.swift in Sources */ = {isa = PBXBuildFile; fileRef = E4B06F8C2C6A306B009B8F48 /* TravelMapAppUITests.swift */; };
		E4B06F8F2C6A306B009B8F48 /* TravelMapAppUITestsLaunchTests.swift in Sources */ = {isa = PBXBuildFile; fileRef = E4B06F8E2C6A306B009B8F48 /* TravelMapAppUITestsLaunchTests.swift */; };
/* End PBXBuildFile section */

/* Begin PBXContainerItemProxy section */
		E4B06F7F2C6A306B009B8F48 /* PBXContainerItemProxy */ = {
			isa = PBXContainerItemProxy;
			containerPortal = E4B06F662C6A3069009B8F48 /* Project object */;
			proxyType = 1;
			remoteGlobalIDString = E4B06F6D2C6A3069009B8F48;
			remoteInfo = TravelMapApp;
		};
		E4B06F892C6A306B009B8F48 /* PBXContainerItemProxy */ = {
			isa = PBXContainerItemProxy;
			containerPortal = E4B06F662C6A3069009B8F48 /* Project object */;
			proxyType = 1;
			remoteGlobalIDString = E4B06F6D2C6A3069009B8F48;
			remoteInfo = TravelMapApp;
		};
/* End PBXContainerItemProxy section */

/* Begin PBXFileReference section */
		E4A80F7F2C6B835E001FBA25 /* Location.swift */ = {isa = PBXFileReference; lastKnownFileType = sourcecode.swift; path = Location.swift; sourceTree = "<group>"; };
		E4A80F822C6B863B001FBA25 /* LocationDataService.swift */ = {isa = PBXFileReference; lastKnownFileType = sourcecode.swift; path = LocationDataService.swift; sourceTree = "<group>"; };
		E4B06F6E2C6A3069009B8F48 /* TravelMapApp.app */ = {isa = PBXFileReference; explicitFileType = wrapper.application; includeInIndex = 0; path = TravelMapApp.app; sourceTree = BUILT_PRODUCTS_DIR; };
		E4B06F712C6A3069009B8F48 /* TravelMapAppApp.swift */ = {isa = PBXFileReference; lastKnownFileType = sourcecode.swift; path = TravelMapAppApp.swift; sourceTree = "<group>"; };
		E4B06F732C6A3069009B8F48 /* ContentView.swift */ = {isa = PBXFileReference; lastKnownFileType = sourcecode.swift; path = ContentView.swift; sourceTree = "<group>"; };
		E4B06F752C6A306B009B8F48 /* Assets.xcassets */ = {isa = PBXFileReference; lastKnownFileType = folder.assetcatalog; path = Assets.xcassets; sourceTree = "<group>"; };
		E4B06F782C6A306B009B8F48 /* Preview Assets.xcassets */ = {isa = PBXFileReference; lastKnownFileType = folder.assetcatalog; path = "Preview Assets.xcassets"; sourceTree = "<group>"; };
		E4B06F7E2C6A306B009B8F48 /* TravelMapAppTests.xctest */ = {isa = PBXFileReference; explicitFileType = wrapper.cfbundle; includeInIndex = 0; path = TravelMapAppTests.xctest; sourceTree = BUILT_PRODUCTS_DIR; };
		E4B06F822C6A306B009B8F48 /* TravelMapAppTests.swift */ = {isa = PBXFileReference; lastKnownFileType = sourcecode.swift; path = TravelMapAppTests.swift; sourceTree = "<group>"; };
		E4B06F882C6A306B009B8F48 /* TravelMapAppUITests.xctest */ = {isa = PBXFileReference; explicitFileType = wrapper.cfbundle; includeInIndex = 0; path = TravelMapAppUITests.xctest; sourceTree = BUILT_PRODUCTS_DIR; };
		E4B06F8C2C6A306B009B8F48 /* TravelMapAppUITests.swift */ = {isa = PBXFileReference; lastKnownFileType = sourcecode.swift; path = TravelMapAppUITests.swift; sourceTree = "<group>"; };
		E4B06F8E2C6A306B009B8F48 /* TravelMapAppUITestsLaunchTests.swift */ = {isa = PBXFileReference; lastKnownFileType = sourcecode.swift; path = TravelMapAppUITestsLaunchTests.swift; sourceTree = "<group>"; };
/* End PBXFileReference section */

/* Begin PBXFrameworksBuildPhase section */
		E4B06F6B2C6A3069009B8F48 /* Frameworks */ = {
			isa = PBXFrameworksBuildPhase;
			buildActionMask = 2147483647;
			files = (
			);
			runOnlyForDeploymentPostprocessing = 0;
		};
		E4B06F7B2C6A306B009B8F48 /* Frameworks */ = {
			isa = PBXFrameworksBuildPhase;
			buildActionMask = 2147483647;
			files = (
			);
			runOnlyForDeploymentPostprocessing = 0;
		};
		E4B06F852C6A306B009B8F48 /* Frameworks */ = {
			isa = PBXFrameworksBuildPhase;
			buildActionMask = 2147483647;
			files = (
			);
			runOnlyForDeploymentPostprocessing = 0;
		};
/* End PBXFrameworksBuildPhase section */

/* Begin PBXGroup section */
		E4A80F7C2C6B82D3001FBA25 /* Views */ = {
			isa = PBXGroup;
			children = (
			);
			path = Views;
			sourceTree = "<group>";
		};
		E4A80F7D2C6B82E0001FBA25 /* ViewModels */ = {
			isa = PBXGroup;
			children = (
			);
			path = ViewModels;
			sourceTree = "<group>";
		};
		E4A80F7E2C6B82EB001FBA25 /* Models */ = {
			isa = PBXGroup;
			children = (
				E4A80F7F2C6B835E001FBA25 /* Location.swift */,
			);
			path = Models;
			sourceTree = "<group>";
		};
		E4A80F812C6B85E9001FBA25 /* DataServices */ = {
			isa = PBXGroup;
			children = (
				E4A80F822C6B863B001FBA25 /* LocationDataService.swift */,
			);
			path = DataServices;
			sourceTree = "<group>";
		};
		E4B06F652C6A3069009B8F48 = {
			isa = PBXGroup;
			children = (
				E4B06F702C6A3069009B8F48 /* TravelMapApp */,
				E4B06F812C6A306B009B8F48 /* TravelMapAppTests */,
				E4B06F8B2C6A306B009B8F48 /* TravelMapAppUITests */,
				E4B06F6F2C6A3069009B8F48 /* Products */,
			);
			sourceTree = "<group>";
		};
		E4B06F6F2C6A3069009B8F48 /* Products */ = {
			isa = PBXGroup;
			children = (
				E4B06F6E2C6A3069009B8F48 /* TravelMapApp.app */,
				E4B06F7E2C6A306B009B8F48 /* TravelMapAppTests.xctest */,
				E4B06F882C6A306B009B8F48 /* TravelMapAppUITests.xctest */,
			);
			name = Products;
			sourceTree = "<group>";
		};
		E4B06F702C6A3069009B8F48 /* TravelMapApp */ = {
			isa = PBXGroup;
			children = (
				E4B06F712C6A3069009B8F48 /* TravelMapAppApp.swift */,
				E4B06F732C6A3069009B8F48 /* ContentView.swift */,
				E4A80F812C6B85E9001FBA25 /* DataServices */,
				E4A80F7C2C6B82D3001FBA25 /* Views */,
				E4A80F7D2C6B82E0001FBA25 /* ViewModels */,
				E4A80F7E2C6B82EB001FBA25 /* Models */,
				E4B06F752C6A306B009B8F48 /* Assets.xcassets */,
				E4B06F772C6A306B009B8F48 /* Preview Content */,
			);
			path = TravelMapApp;
			sourceTree = "<group>";
		};
		E4B06F772C6A306B009B8F48 /* Preview Content */ = {
			isa = PBXGroup;
			children = (
				E4B06F782C6A306B009B8F48 /* Preview Assets.xcassets */,
			);
			path = "Preview Content";
			sourceTree = "<group>";
		};
		E4B06F812C6A306B009B8F48 /* TravelMapAppTests */ = {
			isa = PBXGroup;
			children = (
				E4B06F822C6A306B009B8F48 /* TravelMapAppTests.swift */,
			);
			path = TravelMapAppTests;
			sourceTree = "<group>";
		};
		E4B06F8B2C6A306B009B8F48 /* TravelMapAppUITests */ = {
			isa = PBXGroup;
			children = (
				E4B06F8C2C6A306B009B8F48 /* TravelMapAppUITests.swift */,
				E4B06F8E2C6A306B009B8F48 /* TravelMapAppUITestsLaunchTests.swift */,
			);
			path = TravelMapAppUITests;
			sourceTree = "<group>";
		};
/* End PBXGroup section */

/* Begin PBXNativeTarget section */
		E4B06F6D2C6A3069009B8F48 /* TravelMapApp */ = {
			isa = PBXNativeTarget;
			buildConfigurationList = E4B06F922C6A306B009B8F48 /* Build configuration list for PBXNativeTarget "TravelMapApp" */;
			buildPhases = (
				E4B06F6A2C6A3069009B8F48 /* Sources */,
				E4B06F6B2C6A3069009B8F48 /* Frameworks */,
				E4B06F6C2C6A3069009B8F48 /* Resources */,
			);
			buildRules = (
			);
			dependencies = (
			);
			name = TravelMapApp;
			productName = TravelMapApp;
			productReference = E4B06F6E2C6A3069009B8F48 /* TravelMapApp.app */;
			productType = "com.apple.product-type.application";
		};
		E4B06F7D2C6A306B009B8F48 /* TravelMapAppTests */ = {
			isa = PBXNativeTarget;
			buildConfigurationList = E4B06F952C6A306B009B8F48 /* Build configuration list for PBXNativeTarget "TravelMapAppTests" */;
			buildPhases = (
				E4B06F7A2C6A306B009B8F48 /* Sources */,
				E4B06F7B2C6A306B009B8F48 /* Frameworks */,
				E4B06F7C2C6A306B009B8F48 /* Resources */,
			);
			buildRules = (
			);
			dependencies = (
				E4B06F802C6A306B009B8F48 /* PBXTargetDependency */,
			);
			name = TravelMapAppTests;
			productName = TravelMapAppTests;
			productReference = E4B06F7E2C6A306B009B8F48 /* TravelMapAppTests.xctest */;
			productType = "com.apple.product-type.bundle.unit-test";
		};
		E4B06F872C6A306B009B8F48 /* TravelMapAppUITests */ = {
			isa = PBXNativeTarget;
			buildConfigurationList = E4B06F982C6A306B009B8F48 /* Build configuration list for PBXNativeTarget "TravelMapAppUITests" */;
			buildPhases = (
				E4B06F842C6A306B009B8F48 /* Sources */,
				E4B06F852C6A306B009B8F48 /* Frameworks */,
				E4B06F862C6A306B009B8F48 /* Resources */,
			);
			buildRules = (
			);
			dependencies = (
				E4B06F8A2C6A306B009B8F48 /* PBXTargetDependency */,
			);
			name = TravelMapAppUITests;
			productName = TravelMapAppUITests;
			productReference = E4B06F882C6A306B009B8F48 /* TravelMapAppUITests.xctest */;
			productType = "com.apple.product-type.bundle.ui-testing";
		};
/* End PBXNativeTarget section */

/* Begin PBXProject section */
		E4B06F662C6A3069009B8F48 /* Project object */ = {
			isa = PBXProject;
			attributes = {
				BuildIndependentTargetsInParallel = 1;
				LastSwiftUpdateCheck = 1540;
				LastUpgradeCheck = 1540;
				TargetAttributes = {
					E4B06F6D2C6A3069009B8F48 = {
						CreatedOnToolsVersion = 15.4;
					};
					E4B06F7D2C6A306B009B8F48 = {
						CreatedOnToolsVersion = 15.4;
						TestTargetID = E4B06F6D2C6A3069009B8F48;
					};
					E4B06F872C6A306B009B8F48 = {
						CreatedOnToolsVersion = 15.4;
						TestTargetID = E4B06F6D2C6A3069009B8F48;
					};
				};
			};
			buildConfigurationList = E4B06F692C6A3069009B8F48 /* Build configuration list for PBXProject "TravelMapApp" */;
			compatibilityVersion = "Xcode 14.0";
			developmentRegion = en;
			hasScannedForEncodings = 0;
			knownRegions = (
				en,
				Base,
			);
			mainGroup = E4B06F652C6A3069009B8F48;
			productRefGroup = E4B06F6F2C6A3069009B8F48 /* Products */;
			projectDirPath = "";
			projectRoot = "";
			targets = (
				E4B06F6D2C6A3069009B8F48 /* TravelMapApp */,
				E4B06F7D2C6A306B009B8F48 /* TravelMapAppTests */,
				E4B06F872C6A306B009B8F48 /* TravelMapAppUITests */,
			);
		};
/* End PBXProject section */

/* Begin PBXResourcesBuildPhase section */
		E4B06F6C2C6A3069009B8F48 /* Resources */ = {
			isa = PBXResourcesBuildPhase;
			buildActionMask = 2147483647;
			files = (
				E4B06F792C6A306B009B8F48 /* Preview Assets.xcassets in Resources */,
				E4B06F762C6A306B009B8F48 /* Assets.xcassets in Resources */,
			);
			runOnlyForDeploymentPostprocessing = 0;
		};
		E4B06F7C2C6A306B009B8F48 /* Resources */ = {
			isa = PBXResourcesBuildPhase;
			buildActionMask = 2147483647;
			files = (
			);
			runOnlyForDeploymentPostprocessing = 0;
		};
		E4B06F862C6A306B009B8F48 /* Resources */ = {
			isa = PBXResourcesBuildPhase;
			buildActionMask = 2147483647;
			files = (
			);
			runOnlyForDeploymentPostprocessing = 0;
		};
/* End PBXResourcesBuildPhase section */

/* Begin PBXSourcesBuildPhase section */
		E4B06F6A2C6A3069009B8F48 /* Sources */ = {
			isa = PBXSourcesBuildPhase;
			buildActionMask = 2147483647;
			files = (
				E4A80F832C6B863B001FBA25 /* LocationDataService.swift in Sources */,
				E4B06F742C6A3069009B8F48 /* ContentView.swift in Sources */,
				E4A80F802C6B835E001FBA25 /* Location.swift in Sources */,
				E4B06F722C6A3069009B8F48 /* TravelMapAppApp.swift in Sources */,
			);
			runOnlyForDeploymentPostprocessing = 0;
		};
		E4B06F7A2C6A306B009B8F48 /* Sources */ = {
			isa = PBXSourcesBuildPhase;
			buildActionMask = 2147483647;
			files = (
				E4B06F832C6A306B009B8F48 /* TravelMapAppTests.swift in Sources */,
			);
			runOnlyForDeploymentPostprocessing = 0;
		};
		E4B06F842C6A306B009B8F48 /* Sources */ = {
			isa = PBXSourcesBuildPhase;
			buildActionMask = 2147483647;
			files = (
				E4B06F8D2C6A306B009B8F48 /* TravelMapAppUITests.swift in Sources */,
				E4B06F8F2C6A306B009B8F48 /* TravelMapAppUITestsLaunchTests.swift in Sources */,
			);
			runOnlyForDeploymentPostprocessing = 0;
		};
/* End PBXSourcesBuildPhase section */

/* Begin PBXTargetDependency section */
		E4B06F802C6A306B009B8F48 /* PBXTargetDependency */ = {
			isa = PBXTargetDependency;
			target = E4B06F6D2C6A3069009B8F48 /* TravelMapApp */;
			targetProxy = E4B06F7F2C6A306B009B8F48 /* PBXContainerItemProxy */;
		};
		E4B06F8A2C6A306B009B8F48 /* PBXTargetDependency */ = {
			isa = PBXTargetDependency;
			target = E4B06F6D2C6A3069009B8F48 /* TravelMapApp */;
			targetProxy = E4B06F892C6A306B009B8F48 /* PBXContainerItemProxy */;
		};
/* End PBXTargetDependency section */

/* Begin XCBuildConfiguration section */
		E4B06F902C6A306B009B8F48 /* Debug */ = {
			isa = XCBuildConfiguration;
			buildSettings = {
				ALWAYS_SEARCH_USER_PATHS = NO;
				ASSETCATALOG_COMPILER_GENERATE_SWIFT_ASSET_SYMBOL_EXTENSIONS = YES;
				CLANG_ANALYZER_NONNULL = YES;
				CLANG_ANALYZER_NUMBER_OBJECT_CONVERSION = YES_AGGRESSIVE;
				CLANG_CXX_LANGUAGE_STANDARD = "gnu++20";
				CLANG_ENABLE_MODULES = YES;
				CLANG_ENABLE_OBJC_ARC = YES;
				CLANG_ENABLE_OBJC_WEAK = YES;
				CLANG_WARN_BLOCK_CAPTURE_AUTORELEASING = YES;
				CLANG_WARN_BOOL_CONVERSION = YES;
				CLANG_WARN_COMMA = YES;
				CLANG_WARN_CONSTANT_CONVERSION = YES;
				CLANG_WARN_DEPRECATED_OBJC_IMPLEMENTATIONS = YES;
				CLANG_WARN_DIRECT_OBJC_ISA_USAGE = YES_ERROR;
				CLANG_WARN_DOCUMENTATION_COMMENTS = YES;
				CLANG_WARN_EMPTY_BODY = YES;
				CLANG_WARN_ENUM_CONVERSION = YES;
				CLANG_WARN_INFINITE_RECURSION = YES;
				CLANG_WARN_INT_CONVERSION = YES;
				CLANG_WARN_NON_LITERAL_NULL_CONVERSION = YES;
				CLANG_WARN_OBJC_IMPLICIT_RETAIN_SELF = YES;
				CLANG_WARN_OBJC_LITERAL_CONVERSION = YES;
				CLANG_WARN_OBJC_ROOT_CLASS = YES_ERROR;
				CLANG_WARN_QUOTED_INCLUDE_IN_FRAMEWORK_HEADER = YES;
				CLANG_WARN_RANGE_LOOP_ANALYSIS = YES;
				CLANG_WARN_STRICT_PROTOTYPES = YES;
				CLANG_WARN_SUSPICIOUS_MOVE = YES;
				CLANG_WARN_UNGUARDED_AVAILABILITY = YES_AGGRESSIVE;
				CLANG_WARN_UNREACHABLE_CODE = YES;
				CLANG_WARN__DUPLICATE_METHOD_MATCH = YES;
				COPY_PHASE_STRIP = NO;
				DEBUG_INFORMATION_FORMAT = dwarf;
				ENABLE_STRICT_OBJC_MSGSEND = YES;
				ENABLE_TESTABILITY = YES;
				ENABLE_USER_SCRIPT_SANDBOXING = YES;
				GCC_C_LANGUAGE_STANDARD = gnu17;
				GCC_DYNAMIC_NO_PIC = NO;
				GCC_NO_COMMON_BLOCKS = YES;
				GCC_OPTIMIZATION_LEVEL = 0;
				GCC_PREPROCESSOR_DEFINITIONS = (
					"DEBUG=1",
					"$(inherited)",
				);
				GCC_WARN_64_TO_32_BIT_CONVERSION = YES;
				GCC_WARN_ABOUT_RETURN_TYPE = YES_ERROR;
				GCC_WARN_UNDECLARED_SELECTOR = YES;
				GCC_WARN_UNINITIALIZED_AUTOS = YES_AGGRESSIVE;
				GCC_WARN_UNUSED_FUNCTION = YES;
				GCC_WARN_UNUSED_VARIABLE = YES;
				IPHONEOS_DEPLOYMENT_TARGET = 17.5;
				LOCALIZATION_PREFERS_STRING_CATALOGS = YES;
				MTL_ENABLE_DEBUG_INFO = INCLUDE_SOURCE;
				MTL_FAST_MATH = YES;
				ONLY_ACTIVE_ARCH = YES;
				SDKROOT = iphoneos;
				SWIFT_ACTIVE_COMPILATION_CONDITIONS = "DEBUG $(inherited)";
				SWIFT_OPTIMIZATION_LEVEL = "-Onone";
			};
			name = Debug;
		};
		E4B06F912C6A306B009B8F48 /* Release */ = {
			isa = XCBuildConfiguration;
			buildSettings = {
				ALWAYS_SEARCH_USER_PATHS = NO;
				ASSETCATALOG_COMPILER_GENERATE_SWIFT_ASSET_SYMBOL_EXTENSIONS = YES;
				CLANG_ANALYZER_NONNULL = YES;
				CLANG_ANALYZER_NUMBER_OBJECT_CONVERSION = YES_AGGRESSIVE;
				CLANG_CXX_LANGUAGE_STANDARD = "gnu++20";
				CLANG_ENABLE_MODULES = YES;
				CLANG_ENABLE_OBJC_ARC = YES;
				CLANG_ENABLE_OBJC_WEAK = YES;
				CLANG_WARN_BLOCK_CAPTURE_AUTORELEASING = YES;
				CLANG_WARN_BOOL_CONVERSION = YES;
				CLANG_WARN_COMMA = YES;
				CLANG_WARN_CONSTANT_CONVERSION = YES;
				CLANG_WARN_DEPRECATED_OBJC_IMPLEMENTATIONS = YES;
				CLANG_WARN_DIRECT_OBJC_ISA_USAGE = YES_ERROR;
				CLANG_WARN_DOCUMENTATION_COMMENTS = YES;
				CLANG_WARN_EMPTY_BODY = YES;
				CLANG_WARN_ENUM_CONVERSION = YES;
				CLANG_WARN_INFINITE_RECURSION = YES;
				CLANG_WARN_INT_CONVERSION = YES;
				CLANG_WARN_NON_LITERAL_NULL_CONVERSION = YES;
				CLANG_WARN_OBJC_IMPLICIT_RETAIN_SELF = YES;
				CLANG_WARN_OBJC_LITERAL_CONVERSION = YES;
				CLANG_WARN_OBJC_ROOT_CLASS = YES_ERROR;
				CLANG_WARN_QUOTED_INCLUDE_IN_FRAMEWORK_HEADER = YES;
				CLANG_WARN_RANGE_LOOP_ANALYSIS = YES;
				CLANG_WARN_STRICT_PROTOTYPES = YES;
				CLANG_WARN_SUSPICIOUS_MOVE = YES;
				CLANG_WARN_UNGUARDED_AVAILABILITY = YES_AGGRESSIVE;
				CLANG_WARN_UNREACHABLE_CODE = YES;
				CLANG_WARN__DUPLICATE_METHOD_MATCH = YES;
				COPY_PHASE_STRIP = NO;
				DEBUG_INFORMATION_FORMAT = "dwarf-with-dsym";
				ENABLE_NS_ASSERTIONS = NO;
				ENABLE_STRICT_OBJC_MSGSEND = YES;
				ENABLE_USER_SCRIPT_SANDBOXING = YES;
				GCC_C_LANGUAGE_STANDARD = gnu17;
				GCC_NO_COMMON_BLOCKS = YES;
				GCC_WARN_64_TO_32_BIT_CONVERSION = YES;
				GCC_WARN_ABOUT_RETURN_TYPE = YES_ERROR;
				GCC_WARN_UNDECLARED_SELECTOR = YES;
				GCC_WARN_UNINITIALIZED_AUTOS = YES_AGGRESSIVE;
				GCC_WARN_UNUSED_FUNCTION = YES;
				GCC_WARN_UNUSED_VARIABLE = YES;
				IPHONEOS_DEPLOYMENT_TARGET = 17.5;
				LOCALIZATION_PREFERS_STRING_CATALOGS = YES;
				MTL_ENABLE_DEBUG_INFO = NO;
				MTL_FAST_MATH = YES;
				SDKROOT = iphoneos;
				SWIFT_COMPILATION_MODE = wholemodule;
				VALIDATE_PRODUCT = YES;
			};
			name = Release;
		};
		E4B06F932C6A306B009B8F48 /* Debug */ = {
			isa = XCBuildConfiguration;
			buildSettings = {
				ASSETCATALOG_COMPILER_APPICON_NAME = AppIcon;
				ASSETCATALOG_COMPILER_GLOBAL_ACCENT_COLOR_NAME = AccentColor;
				CODE_SIGN_STYLE = Automatic;
				CURRENT_PROJECT_VERSION = 1;
				DEVELOPMENT_ASSET_PATHS = "\"TravelMapApp/Preview Content\"";
				DEVELOPMENT_TEAM = 748RM22H5Z;
				ENABLE_PREVIEWS = YES;
				GENERATE_INFOPLIST_FILE = YES;
				INFOPLIST_KEY_UIApplicationSceneManifest_Generation = YES;
				INFOPLIST_KEY_UIApplicationSupportsIndirectInputEvents = YES;
				INFOPLIST_KEY_UILaunchScreen_Generation = YES;
				INFOPLIST_KEY_UISupportedInterfaceOrientations_iPad = "UIInterfaceOrientationPortrait UIInterfaceOrientationPortraitUpsideDown UIInterfaceOrientationLandscapeLeft UIInterfaceOrientationLandscapeRight";
				INFOPLIST_KEY_UISupportedInterfaceOrientations_iPhone = "UIInterfaceOrientationPortrait UIInterfaceOrientationLandscapeLeft UIInterfaceOrientationLandscapeRight";
				LD_RUNPATH_SEARCH_PATHS = (
					"$(inherited)",
					"@executable_path/Frameworks",
				);
				MARKETING_VERSION = 1.0;
				PRODUCT_BUNDLE_IDENTIFIER = "elishchukin0491-gmail.com.TravelMapApp";
				PRODUCT_NAME = "$(TARGET_NAME)";
				SWIFT_EMIT_LOC_STRINGS = YES;
				SWIFT_VERSION = 5.0;
				TARGETED_DEVICE_FAMILY = "1,2";
			};
			name = Debug;
		};
		E4B06F942C6A306B009B8F48 /* Release */ = {
			isa = XCBuildConfiguration;
			buildSettings = {
				ASSETCATALOG_COMPILER_APPICON_NAME = AppIcon;
				ASSETCATALOG_COMPILER_GLOBAL_ACCENT_COLOR_NAME = AccentColor;
				CODE_SIGN_STYLE = Automatic;
				CURRENT_PROJECT_VERSION = 1;
				DEVELOPMENT_ASSET_PATHS = "\"TravelMapApp/Preview Content\"";
				DEVELOPMENT_TEAM = 748RM22H5Z;
				ENABLE_PREVIEWS = YES;
				GENERATE_INFOPLIST_FILE = YES;
				INFOPLIST_KEY_UIApplicationSceneManifest_Generation = YES;
				INFOPLIST_KEY_UIApplicationSupportsIndirectInputEvents = YES;
				INFOPLIST_KEY_UILaunchScreen_Generation = YES;
				INFOPLIST_KEY_UISupportedInterfaceOrientations_iPad = "UIInterfaceOrientationPortrait UIInterfaceOrientationPortraitUpsideDown UIInterfaceOrientationLandscapeLeft UIInterfaceOrientationLandscapeRight";
				INFOPLIST_KEY_UISupportedInterfaceOrientations_iPhone = "UIInterfaceOrientationPortrait UIInterfaceOrientationLandscapeLeft UIInterfaceOrientationLandscapeRight";
				LD_RUNPATH_SEARCH_PATHS = (
					"$(inherited)",
					"@executable_path/Frameworks",
				);
				MARKETING_VERSION = 1.0;
				PRODUCT_BUNDLE_IDENTIFIER = "elishchukin0491-gmail.com.TravelMapApp";
				PRODUCT_NAME = "$(TARGET_NAME)";
				SWIFT_EMIT_LOC_STRINGS = YES;
				SWIFT_VERSION = 5.0;
				TARGETED_DEVICE_FAMILY = "1,2";
			};
			name = Release;
		};
		E4B06F962C6A306B009B8F48 /* Debug */ = {
			isa = XCBuildConfiguration;
			buildSettings = {
				ALWAYS_EMBED_SWIFT_STANDARD_LIBRARIES = YES;
				BUNDLE_LOADER = "$(TEST_HOST)";
				CODE_SIGN_STYLE = Automatic;
				CURRENT_PROJECT_VERSION = 1;
				DEVELOPMENT_TEAM = 748RM22H5Z;
				GENERATE_INFOPLIST_FILE = YES;
				IPHONEOS_DEPLOYMENT_TARGET = 17.5;
				MARKETING_VERSION = 1.0;
				PRODUCT_BUNDLE_IDENTIFIER = "elishchukin0491-gmail.com.TravelMapAppTests";
				PRODUCT_NAME = "$(TARGET_NAME)";
				SWIFT_EMIT_LOC_STRINGS = NO;
				SWIFT_VERSION = 5.0;
				TARGETED_DEVICE_FAMILY = "1,2";
				TEST_HOST = "$(BUILT_PRODUCTS_DIR)/TravelMapApp.app/$(BUNDLE_EXECUTABLE_FOLDER_PATH)/TravelMapApp";
			};
			name = Debug;
		};
		E4B06F972C6A306B009B8F48 /* Release */ = {
			isa = XCBuildConfiguration;
			buildSettings = {
				ALWAYS_EMBED_SWIFT_STANDARD_LIBRARIES = YES;
				BUNDLE_LOADER = "$(TEST_HOST)";
				CODE_SIGN_STYLE = Automatic;
				CURRENT_PROJECT_VERSION = 1;
				DEVELOPMENT_TEAM = 748RM22H5Z;
				GENERATE_INFOPLIST_FILE = YES;
				IPHONEOS_DEPLOYMENT_TARGET = 17.5;
				MARKETING_VERSION = 1.0;
				PRODUCT_BUNDLE_IDENTIFIER = "elishchukin0491-gmail.com.TravelMapAppTests";
				PRODUCT_NAME = "$(TARGET_NAME)";
				SWIFT_EMIT_LOC_STRINGS = NO;
				SWIFT_VERSION = 5.0;
				TARGETED_DEVICE_FAMILY = "1,2";
				TEST_HOST = "$(BUILT_PRODUCTS_DIR)/TravelMapApp.app/$(BUNDLE_EXECUTABLE_FOLDER_PATH)/TravelMapApp";
			};
			name = Release;
		};
		E4B06F992C6A306B009B8F48 /* Debug */ = {
			isa = XCBuildConfiguration;
			buildSettings = {
				ALWAYS_EMBED_SWIFT_STANDARD_LIBRARIES = YES;
				CODE_SIGN_STYLE = Automatic;
				CURRENT_PROJECT_VERSION = 1;
				DEVELOPMENT_TEAM = 748RM22H5Z;
				GENERATE_INFOPLIST_FILE = YES;
				MARKETING_VERSION = 1.0;
				PRODUCT_BUNDLE_IDENTIFIER = "elishchukin0491-gmail.com.TravelMapAppUITests";
				PRODUCT_NAME = "$(TARGET_NAME)";
				SWIFT_EMIT_LOC_STRINGS = NO;
				SWIFT_VERSION = 5.0;
				TARGETED_DEVICE_FAMILY = "1,2";
				TEST_TARGET_NAME = TravelMapApp;
			};
			name = Debug;
		};
		E4B06F9A2C6A306B009B8F48 /* Release */ = {
			isa = XCBuildConfiguration;
			buildSettings = {
				ALWAYS_EMBED_SWIFT_STANDARD_LIBRARIES = YES;
				CODE_SIGN_STYLE = Automatic;
				CURRENT_PROJECT_VERSION = 1;
				DEVELOPMENT_TEAM = 748RM22H5Z;
				GENERATE_INFOPLIST_FILE = YES;
				MARKETING_VERSION = 1.0;
				PRODUCT_BUNDLE_IDENTIFIER = "elishchukin0491-gmail.com.TravelMapAppUITests";
				PRODUCT_NAME = "$(TARGET_NAME)";
				SWIFT_EMIT_LOC_STRINGS = NO;
				SWIFT_VERSION = 5.0;
				TARGETED_DEVICE_FAMILY = "1,2";
				TEST_TARGET_NAME = TravelMapApp;
			};
			name = Release;
		};
/* End XCBuildConfiguration section */

/* Begin XCConfigurationList section */
		E4B06F692C6A3069009B8F48 /* Build configuration list for PBXProject "TravelMapApp" */ = {
			isa = XCConfigurationList;
			buildConfigurations = (
				E4B06F902C6A306B009B8F48 /* Debug */,
				E4B06F912C6A306B009B8F48 /* Release */,
			);
			defaultConfigurationIsVisible = 0;
			defaultConfigurationName = Release;
		};
		E4B06F922C6A306B009B8F48 /* Build configuration list for PBXNativeTarget "TravelMapApp" */ = {
			isa = XCConfigurationList;
			buildConfigurations = (
				E4B06F932C6A306B009B8F48 /* Debug */,
				E4B06F942C6A306B009B8F48 /* Release */,
			);
			defaultConfigurationIsVisible = 0;
			defaultConfigurationName = Release;
		};
		E4B06F952C6A306B009B8F48 /* Build configuration list for PBXNativeTarget "TravelMapAppTests" */ = {
			isa = XCConfigurationList;
			buildConfigurations = (
				E4B06F962C6A306B009B8F48 /* Debug */,
				E4B06F972C6A306B009B8F48 /* Release */,
			);
			defaultConfigurationIsVisible = 0;
			defaultConfigurationName = Release;
		};
		E4B06F982C6A306B009B8F48 /* Build configuration list for PBXNativeTarget "TravelMapAppUITests" */ = {
			isa = XCConfigurationList;
			buildConfigurations = (
				E4B06F992C6A306B009B8F48 /* Debug */,
				E4B06F9A2C6A306B009B8F48 /* Release */,
			);
			defaultConfigurationIsVisible = 0;
			defaultConfigurationName = Release;
		};
/* End XCConfigurationList section */
	};
	rootObject = E4B06F662C6A3069009B8F48 /* Project object */;
}
